// !$*UTF8*$!
{
	archiveVersion = 1;
	classes = {
	};
	objectVersion = 51;
	objects = {

/* Begin PBXBuildFile section */
		0A526419767CC77E473E2CC3 /* Pods_LottieAnimatonView.framework in Frameworks */ = {isa = PBXBuildFile; fileRef = 37DB22AE466E7D9BAE584096 /* Pods_LottieAnimatonView.framework */; };
		553BB5AB26527D90009784D6 /* UIColor+ColorEx.m in Sources */ = {isa = PBXBuildFile; fileRef = 553BB5AA26527D90009784D6 /* UIColor+ColorEx.m */; };
		557294F5264531CF00F67C33 /* AppDelegate.m in Sources */ = {isa = PBXBuildFile; fileRef = 557294F4264531CF00F67C33 /* AppDelegate.m */; };
		557294F8264531CF00F67C33 /* SceneDelegate.m in Sources */ = {isa = PBXBuildFile; fileRef = 557294F7264531CF00F67C33 /* SceneDelegate.m */; };
		557294FB264531CF00F67C33 /* ViewController.m in Sources */ = {isa = PBXBuildFile; fileRef = 557294FA264531CF00F67C33 /* ViewController.m */; };
		557294FE264531CF00F67C33 /* Main.storyboard in Resources */ = {isa = PBXBuildFile; fileRef = 557294FC264531CF00F67C33 /* Main.storyboard */; };
		55729500264531D000F67C33 /* Assets.xcassets in Resources */ = {isa = PBXBuildFile; fileRef = 557294FF264531D000F67C33 /* Assets.xcassets */; };
		55729503264531D000F67C33 /* LaunchScreen.storyboard in Resources */ = {isa = PBXBuildFile; fileRef = 55729501264531D000F67C33 /* LaunchScreen.storyboard */; };
		55729506264531D000F67C33 /* main.m in Sources */ = {isa = PBXBuildFile; fileRef = 55729505264531D000F67C33 /* main.m */; };
/* End PBXBuildFile section */

/* Begin PBXFileReference section */
		37DB22AE466E7D9BAE584096 /* Pods_LottieAnimatonView.framework */ = {isa = PBXFileReference; explicitFileType = wrapper.framework; includeInIndex = 0; path = Pods_LottieAnimatonView.framework; sourceTree = BUILT_PRODUCTS_DIR; };
		553BB5A926527D90009784D6 /* UIColor+ColorEx.h */ = {isa = PBXFileReference; lastKnownFileType = sourcecode.c.h; path = "UIColor+ColorEx.h"; sourceTree = "<group>"; };
		553BB5AA26527D90009784D6 /* UIColor+ColorEx.m */ = {isa = PBXFileReference; lastKnownFileType = sourcecode.c.objc; path = "UIColor+ColorEx.m"; sourceTree = "<group>"; };
		557294F0264531CF00F67C33 /* LottieAnimatonView.app */ = {isa = PBXFileReference; explicitFileType = wrapper.application; includeInIndex = 0; path = LottieAnimatonView.app; sourceTree = BUILT_PRODUCTS_DIR; };
		557294F3264531CF00F67C33 /* AppDelegate.h */ = {isa = PBXFileReference; lastKnownFileType = sourcecode.c.h; path = AppDelegate.h; sourceTree = "<group>"; };
		557294F4264531CF00F67C33 /* AppDelegate.m */ = {isa = PBXFileReference; lastKnownFileType = sourcecode.c.objc; path = AppDelegate.m; sourceTree = "<group>"; };
		557294F6264531CF00F67C33 /* SceneDelegate.h */ = {isa = PBXFileReference; lastKnownFileType = sourcecode.c.h; path = SceneDelegate.h; sourceTree = "<group>"; };
		557294F7264531CF00F67C33 /* SceneDelegate.m */ = {isa = PBXFileReference; lastKnownFileType = sourcecode.c.objc; path = SceneDelegate.m; sourceTree = "<group>"; };
		557294F9264531CF00F67C33 /* ViewController.h */ = {isa = PBXFileReference; lastKnownFileType = sourcecode.c.h; path = ViewController.h; sourceTree = "<group>"; };
		557294FA264531CF00F67C33 /* ViewController.m */ = {isa = PBXFileReference; lastKnownFileType = sourcecode.c.objc; path = ViewController.m; sourceTree = "<group>"; };
		557294FD264531CF00F67C33 /* Base */ = {isa = PBXFileReference; lastKnownFileType = file.storyboard; name = Base; path = Base.lproj/Main.storyboard; sourceTree = "<group>"; };
		557294FF264531D000F67C33 /* Assets.xcassets */ = {isa = PBXFileReference; lastKnownFileType = folder.assetcatalog; path = Assets.xcassets; sourceTree = "<group>"; };
		55729502264531D000F67C33 /* Base */ = {isa = PBXFileReference; lastKnownFileType = file.storyboard; name = Base; path = Base.lproj/LaunchScreen.storyboard; sourceTree = "<group>"; };
		55729504264531D000F67C33 /* Info.plist */ = {isa = PBXFileReference; lastKnownFileType = text.plist.xml; path = Info.plist; sourceTree = "<group>"; };
		55729505264531D000F67C33 /* main.m */ = {isa = PBXFileReference; lastKnownFileType = sourcecode.c.objc; path = main.m; sourceTree = "<group>"; };
		C873A272E6F826370AAE554B /* Pods-LottieAnimatonView.release.xcconfig */ = {isa = PBXFileReference; includeInIndex = 1; lastKnownFileType = text.xcconfig; name = "Pods-LottieAnimatonView.release.xcconfig"; path = "Target Support Files/Pods-LottieAnimatonView/Pods-LottieAnimatonView.release.xcconfig"; sourceTree = "<group>"; };
		E2FEB4DE6F736C847396268A /* Pods-LottieAnimatonView.debug.xcconfig */ = {isa = PBXFileReference; includeInIndex = 1; lastKnownFileType = text.xcconfig; name = "Pods-LottieAnimatonView.debug.xcconfig"; path = "Target Support Files/Pods-LottieAnimatonView/Pods-LottieAnimatonView.debug.xcconfig"; sourceTree = "<group>"; };
/* End PBXFileReference section */

/* Begin PBXFrameworksBuildPhase section */
		557294ED264531CF00F67C33 /* Frameworks */ = {
			isa = PBXFrameworksBuildPhase;
			buildActionMask = 2147483647;
			files = (
				0A526419767CC77E473E2CC3 /* Pods_LottieAnimatonView.framework in Frameworks */,
			);
			runOnlyForDeploymentPostprocessing = 0;
		};
/* End PBXFrameworksBuildPhase section */

/* Begin PBXGroup section */
		3B4BE526F31ECC101E9E45B3 /* Pods */ = {
			isa = PBXGroup;
			children = (
				E2FEB4DE6F736C847396268A /* Pods-LottieAnimatonView.debug.xcconfig */,
				C873A272E6F826370AAE554B /* Pods-LottieAnimatonView.release.xcconfig */,
			);
			path = Pods;
			sourceTree = "<group>";
		};
		557294E7264531CF00F67C33 = {
			isa = PBXGroup;
			children = (
				557294F2264531CF00F67C33 /* LottieAnimatonView */,
				557294F1264531CF00F67C33 /* Products */,
				3B4BE526F31ECC101E9E45B3 /* Pods */,
				D6104A126CF00128CEEB4C11 /* Frameworks */,
			);
			sourceTree = "<group>";
		};
		557294F1264531CF00F67C33 /* Products */ = {
			isa = PBXGroup;
			children = (
				557294F0264531CF00F67C33 /* LottieAnimatonView.app */,
			);
			name = Products;
			sourceTree = "<group>";
		};
		557294F2264531CF00F67C33 /* LottieAnimatonView */ = {
			isa = PBXGroup;
			children = (
				557294F3264531CF00F67C33 /* AppDelegate.h */,
				557294F4264531CF00F67C33 /* AppDelegate.m */,
				557294F6264531CF00F67C33 /* SceneDelegate.h */,
				557294F7264531CF00F67C33 /* SceneDelegate.m */,
				557294F9264531CF00F67C33 /* ViewController.h */,
				557294FA264531CF00F67C33 /* ViewController.m */,
				553BB5A926527D90009784D6 /* UIColor+ColorEx.h */,
				553BB5AA26527D90009784D6 /* UIColor+ColorEx.m */,
				557294FC264531CF00F67C33 /* Main.storyboard */,
				557294FF264531D000F67C33 /* Assets.xcassets */,
				55729501264531D000F67C33 /* LaunchScreen.storyboard */,
				55729504264531D000F67C33 /* Info.plist */,
				55729505264531D000F67C33 /* main.m */,
			);
			path = LottieAnimatonView;
			sourceTree = "<group>";
		};
		D6104A126CF00128CEEB4C11 /* Frameworks */ = {
			isa = PBXGroup;
			children = (
				37DB22AE466E7D9BAE584096 /* Pods_LottieAnimatonView.framework */,
			);
			name = Frameworks;
			sourceTree = "<group>";
		};
/* End PBXGroup section */

/* Begin PBXNativeTarget section */
		557294EF264531CF00F67C33 /* LottieAnimatonView */ = {
			isa = PBXNativeTarget;
			buildConfigurationList = 55729509264531D000F67C33 /* Build configuration list for PBXNativeTarget "LottieAnimatonView" */;
			buildPhases = (
				8596BC339BFC41C0E47EB4AE /* [CP] Check Pods Manifest.lock */,
				557294EC264531CF00F67C33 /* Sources */,
				557294ED264531CF00F67C33 /* Frameworks */,
				557294EE264531CF00F67C33 /* Resources */,
				B8F56E1D2EED52C0AD5FF4DB /* [CP] Embed Pods Frameworks */,
			);
			buildRules = (
			);
			dependencies = (
			);
			name = LottieAnimatonView;
			productName = LottieAnimatonView;
			productReference = 557294F0264531CF00F67C33 /* LottieAnimatonView.app */;
			productType = "com.apple.product-type.application";
		};
/* End PBXNativeTarget section */

/* Begin PBXProject section */
		557294E8264531CF00F67C33 /* Project object */ = {
			isa = PBXProject;
			attributes = {
				LastUpgradeCheck = 1240;
				TargetAttributes = {
					557294EF264531CF00F67C33 = {
						CreatedOnToolsVersion = 12.4;
					};
				};
			};
			buildConfigurationList = 557294EB264531CF00F67C33 /* Build configuration list for PBXProject "LottieAnimatonView" */;
			compatibilityVersion = "Xcode 9.3";
			developmentRegion = en;
			hasScannedForEncodings = 0;
			knownRegions = (
				en,
				Base,
			);
			mainGroup = 557294E7264531CF00F67C33;
			productRefGroup = 557294F1264531CF00F67C33 /* Products */;
			projectDirPath = "";
			projectRoot = "";
			targets = (
				557294EF264531CF00F67C33 /* LottieAnimatonView */,
			);
		};
/* End PBXProject section */

/* Begin PBXResourcesBuildPhase section */
		557294EE264531CF00F67C33 /* Resources */ = {
			isa = PBXResourcesBuildPhase;
			buildActionMask = 2147483647;
			files = (
				55729503264531D000F67C33 /* LaunchScreen.storyboard in Resources */,
				55729500264531D000F67C33 /* Assets.xcassets in Resources */,
				557294FE264531CF00F67C33 /* Main.storyboard in Resources */,
			);
			runOnlyForDeploymentPostprocessing = 0;
		};
/* End PBXResourcesBuildPhase section */

/* Begin PBXShellScriptBuildPhase section */
		8596BC339BFC41C0E47EB4AE /* [CP] Check Pods Manifest.lock */ = {
			isa = PBXShellScriptBuildPhase;
			buildActionMask = 2147483647;
			files = (
			);
			inputFileListPaths = (
			);
			inputPaths = (
				"${PODS_PODFILE_DIR_PATH}/Podfile.lock",
				"${PODS_ROOT}/Manifest.lock",
			);
			name = "[CP] Check Pods Manifest.lock";
			outputFileListPaths = (
			);
			outputPaths = (
				"$(DERIVED_FILE_DIR)/Pods-LottieAnimatonView-checkManifestLockResult.txt",
			);
			runOnlyForDeploymentPostprocessing = 0;
			shellPath = /bin/sh;
			shellScript = "diff \"${PODS_PODFILE_DIR_PATH}/Podfile.lock\" \"${PODS_ROOT}/Manifest.lock\" > /dev/null\nif [ $? != 0 ] ; then\n    # print error to STDERR\n    echo \"error: The sandbox is not in sync with the Podfile.lock. Run 'pod install' or update your CocoaPods installation.\" >&2\n    exit 1\nfi\n# This output is used by Xcode 'outputs' to avoid re-running this script phase.\necho \"SUCCESS\" > \"${SCRIPT_OUTPUT_FILE_0}\"\n";
			showEnvVarsInLog = 0;
		};
		B8F56E1D2EED52C0AD5FF4DB /* [CP] Embed Pods Frameworks */ = {
			isa = PBXShellScriptBuildPhase;
			buildActionMask = 2147483647;
			files = (
			);
			inputFileListPaths = (
				"${PODS_ROOT}/Target Support Files/Pods-LottieAnimatonView/Pods-LottieAnimatonView-frameworks-${CONFIGURATION}-input-files.xcfilelist",
			);
			name = "[CP] Embed Pods Frameworks";
			outputFileListPaths = (
				"${PODS_ROOT}/Target Support Files/Pods-LottieAnimatonView/Pods-LottieAnimatonView-frameworks-${CONFIGURATION}-output-files.xcfilelist",
			);
			runOnlyForDeploymentPostprocessing = 0;
			shellPath = /bin/sh;
			shellScript = "\"${PODS_ROOT}/Target Support Files/Pods-LottieAnimatonView/Pods-LottieAnimatonView-frameworks.sh\"\n";
			showEnvVarsInLog = 0;
		};
/* End PBXShellScriptBuildPhase section */

/* Begin PBXSourcesBuildPhase section */
		557294EC264531CF00F67C33 /* Sources */ = {
			isa = PBXSourcesBuildPhase;
			buildActionMask = 2147483647;
			files = (
				553BB5AB26527D90009784D6 /* UIColor+ColorEx.m in Sources */,
				557294FB264531CF00F67C33 /* ViewController.m in Sources */,
				557294F5264531CF00F67C33 /* AppDelegate.m in Sources */,
				55729506264531D000F67C33 /* main.m in Sources */,
				557294F8264531CF00F67C33 /* SceneDelegate.m in Sources */,
			);
			runOnlyForDeploymentPostprocessing = 0;
		};
/* End PBXSourcesBuildPhase section */

/* Begin PBXVariantGroup section */
		557294FC264531CF00F67C33 /* Main.storyboard */ = {
			isa = PBXVariantGroup;
			children = (
				557294FD264531CF00F67C33 /* Base */,
			);
			name = Main.storyboard;
			sourceTree = "<group>";
		};
		55729501264531D000F67C33 /* LaunchScreen.storyboard */ = {
			isa = PBXVariantGroup;
			children = (
				55729502264531D000F67C33 /* Base */,
			);
			name = LaunchScreen.storyboard;
			sourceTree = "<group>";
		};
/* End PBXVariantGroup section */

/* Begin XCBuildConfiguration section */
		55729507264531D000F67C33 /* Debug */ = {
			isa = XCBuildConfiguration;
			buildSettings = {
				ALWAYS_SEARCH_USER_PATHS = NO;
				CLANG_ANALYZER_NONNULL = YES;
				CLANG_ANALYZER_NUMBER_OBJECT_CONVERSION = YES_AGGRESSIVE;
				CLANG_CXX_LANGUAGE_STANDARD = "gnu++14";
				CLANG_CXX_LIBRARY = "libc++";
				CLANG_ENABLE_MODULES = YES;
				CLANG_ENABLE_OBJC_ARC = YES;
				CLANG_ENABLE_OBJC_WEAK = YES;
				CLANG_WARN_BLOCK_CAPTURE_AUTORELEASING = YES;
				CLANG_WARN_BOOL_CONVERSION = YES;
				CLANG_WARN_COMMA = YES;
				CLANG_WARN_CONSTANT_CONVERSION = YES;
				CLANG_WARN_DEPRECATED_OBJC_IMPLEMENTATIONS = YES;
				CLANG_WARN_DIRECT_OBJC_ISA_USAGE = YES_ERROR;
				CLANG_WARN_DOCUMENTATION_COMMENTS = YES;
				CLANG_WARN_EMPTY_BODY = YES;
				CLANG_WARN_ENUM_CONVERSION = YES;
				CLANG_WARN_INFINITE_RECURSION = YES;
				CLANG_WARN_INT_CONVERSION = YES;
				CLANG_WARN_NON_LITERAL_NULL_CONVERSION = YES;
				CLANG_WARN_OBJC_IMPLICIT_RETAIN_SELF = YES;
				CLANG_WARN_OBJC_LITERAL_CONVERSION = YES;
				CLANG_WARN_OBJC_ROOT_CLASS = YES_ERROR;
				CLANG_WARN_QUOTED_INCLUDE_IN_FRAMEWORK_HEADER = YES;
				CLANG_WARN_RANGE_LOOP_ANALYSIS = YES;
				CLANG_WARN_STRICT_PROTOTYPES = YES;
				CLANG_WARN_SUSPICIOUS_MOVE = YES;
				CLANG_WARN_UNGUARDED_AVAILABILITY = YES_AGGRESSIVE;
				CLANG_WARN_UNREACHABLE_CODE = YES;
				CLANG_WARN__DUPLICATE_METHOD_MATCH = YES;
				COPY_PHASE_STRIP = NO;
				DEBUG_INFORMATION_FORMAT = dwarf;
				ENABLE_STRICT_OBJC_MSGSEND = YES;
				ENABLE_TESTABILITY = YES;
				GCC_C_LANGUAGE_STANDARD = gnu11;
				GCC_DYNAMIC_NO_PIC = NO;
				GCC_NO_COMMON_BLOCKS = YES;
				GCC_OPTIMIZATION_LEVEL = 0;
				GCC_PREPROCESSOR_DEFINITIONS = (
					"DEBUG=1",
					"$(inherited)",
				);
				GCC_WARN_64_TO_32_BIT_CONVERSION = YES;
				GCC_WARN_ABOUT_RETURN_TYPE = YES_ERROR;
				GCC_WARN_UNDECLARED_SELECTOR = YES;
				GCC_WARN_UNINITIALIZED_AUTOS = YES_AGGRESSIVE;
				GCC_WARN_UNUSED_FUNCTION = YES;
				GCC_WARN_UNUSED_VARIABLE = YES;
				IPHONEOS_DEPLOYMENT_TARGET = 13.6;
				MTL_ENABLE_DEBUG_INFO = INCLUDE_SOURCE;
				MTL_FAST_MATH = YES;
				ONLY_ACTIVE_ARCH = YES;
				SDKROOT = iphoneos;
			};
			name = Debug;
		};
		55729508264531D000F67C33 /* Release */ = {
			isa = XCBuildConfiguration;
			buildSettings = {
				ALWAYS_SEARCH_USER_PATHS = NO;
				CLANG_ANALYZER_NONNULL = YES;
				CLANG_ANALYZER_NUMBER_OBJECT_CONVERSION = YES_AGGRESSIVE;
				CLANG_CXX_LANGUAGE_STANDARD = "gnu++14";
				CLANG_CXX_LIBRARY = "libc++";
				CLANG_ENABLE_MODULES = YES;
				CLANG_ENABLE_OBJC_ARC = YES;
				CLANG_ENABLE_OBJC_WEAK = YES;
				CLANG_WARN_BLOCK_CAPTURE_AUTORELEASING = YES;
				CLANG_WARN_BOOL_CONVERSION = YES;
				CLANG_WARN_COMMA = YES;
				CLANG_WARN_CONSTANT_CONVERSION = YES;
				CLANG_WARN_DEPRECATED_OBJC_IMPLEMENTATIONS = YES;
				CLANG_WARN_DIRECT_OBJC_ISA_USAGE = YES_ERROR;
				CLANG_WARN_DOCUMENTATION_COMMENTS = YES;
				CLANG_WARN_EMPTY_BODY = YES;
				CLANG_WARN_ENUM_CONVERSION = YES;
				CLANG_WARN_INFINITE_RECURSION = YES;
				CLANG_WARN_INT_CONVERSION = YES;
				CLANG_WARN_NON_LITERAL_NULL_CONVERSION = YES;
				CLANG_WARN_OBJC_IMPLICIT_RETAIN_SELF = YES;
				CLANG_WARN_OBJC_LITERAL_CONVERSION = YES;
				CLANG_WARN_OBJC_ROOT_CLASS = YES_ERROR;
				CLANG_WARN_QUOTED_INCLUDE_IN_FRAMEWORK_HEADER = YES;
				CLANG_WARN_RANGE_LOOP_ANALYSIS = YES;
				CLANG_WARN_STRICT_PROTOTYPES = YES;
				CLANG_WARN_SUSPICIOUS_MOVE = YES;
				CLANG_WARN_UNGUARDED_AVAILABILITY = YES_AGGRESSIVE;
				CLANG_WARN_UNREACHABLE_CODE = YES;
				CLANG_WARN__DUPLICATE_METHOD_MATCH = YES;
				COPY_PHASE_STRIP = NO;
				DEBUG_INFORMATION_FORMAT = "dwarf-with-dsym";
				ENABLE_NS_ASSERTIONS = NO;
				ENABLE_STRICT_OBJC_MSGSEND = YES;
				GCC_C_LANGUAGE_STANDARD = gnu11;
				GCC_NO_COMMON_BLOCKS = YES;
				GCC_WARN_64_TO_32_BIT_CONVERSION = YES;
				GCC_WARN_ABOUT_RETURN_TYPE = YES_ERROR;
				GCC_WARN_UNDECLARED_SELECTOR = YES;
				GCC_WARN_UNINITIALIZED_AUTOS = YES_AGGRESSIVE;
				GCC_WARN_UNUSED_FUNCTION = YES;
				GCC_WARN_UNUSED_VARIABLE = YES;
				IPHONEOS_DEPLOYMENT_TARGET = 13.6;
				MTL_ENABLE_DEBUG_INFO = NO;
				MTL_FAST_MATH = YES;
				SDKROOT = iphoneos;
				VALIDATE_PRODUCT = YES;
			};
			name = Release;
		};
		5572950A264531D000F67C33 /* Debug */ = {
			isa = XCBuildConfiguration;
			baseConfigurationReference = E2FEB4DE6F736C847396268A /* Pods-LottieAnimatonView.debug.xcconfig */;
			buildSettings = {
				ASSETCATALOG_COMPILER_APPICON_NAME = AppIcon;
				ASSETCATALOG_COMPILER_GLOBAL_ACCENT_COLOR_NAME = AccentColor;
				CODE_SIGN_IDENTITY = "Apple Development";
				CODE_SIGN_STYLE = Automatic;
				CURRENT_PROJECT_VERSION = 2021042801;
				DEVELOPMENT_TEAM = LCN239U73A;
				INFOPLIST_FILE = LottieAnimatonView/Info.plist;
				LD_RUNPATH_SEARCH_PATHS = (
					"$(inherited)",
					"@executable_path/Frameworks",
				);
				MARKETING_VERSION = 2.2.24;
				PRODUCT_BUNDLE_IDENTIFIER = com.samrith.yoeun.testlottie;
				PRODUCT_NAME = "$(TARGET_NAME)";
				PROVISIONING_PROFILE_SPECIFIER = "";
				TARGETED_DEVICE_FAMILY = "1,2";
			};
			name = Debug;
		};
		5572950B264531D000F67C33 /* Release */ = {
			isa = XCBuildConfiguration;
			baseConfigurationReference = C873A272E6F826370AAE554B /* Pods-LottieAnimatonView.release.xcconfig */;
			buildSettings = {
				ASSETCATALOG_COMPILER_APPICON_NAME = AppIcon;
				ASSETCATALOG_COMPILER_GLOBAL_ACCENT_COLOR_NAME = AccentColor;
				CODE_SIGN_IDENTITY = "Apple Development";
				CODE_SIGN_STYLE = Automatic;
				CURRENT_PROJECT_VERSION = 2021042801;
				DEVELOPMENT_TEAM = LCN239U73A;
				INFOPLIST_FILE = LottieAnimatonView/Info.plist;
				LD_RUNPATH_SEARCH_PATHS = (
					"$(inherited)",
					"@executable_path/Frameworks",
				);
				MARKETING_VERSION = 2.2.24;
				PRODUCT_BUNDLE_IDENTIFIER = com.samrith.yoeun.testlottie;
				PRODUCT_NAME = "$(TARGET_NAME)";
				PROVISIONING_PROFILE_SPECIFIER = "";
				TARGETED_DEVICE_FAMILY = "1,2";
			};
			name = Release;
		};
/* End XCBuildConfiguration section */

/* Begin XCConfigurationList section */
		557294EB264531CF00F67C33 /* Build configuration list for PBXProject "LottieAnimatonView" */ = {
			isa = XCConfigurationList;
			buildConfigurations = (
				55729507264531D000F67C33 /* Debug */,
				55729508264531D000F67C33 /* Release */,
			);
			defaultConfigurationIsVisible = 0;
			defaultConfigurationName = Release;
		};
		55729509264531D000F67C33 /* Build configuration list for PBXNativeTarget "LottieAnimatonView" */ = {
			isa = XCConfigurationList;
			buildConfigurations = (
				5572950A264531D000F67C33 /* Debug */,
				5572950B264531D000F67C33 /* Release */,
			);
			defaultConfigurationIsVisible = 0;
			defaultConfigurationName = Release;
		};
/* End XCConfigurationList section */
	};
	rootObject = 557294E8264531CF00F67C33 /* Project object */;
}
